
Microsoft Visual Studio Solution File, Format Version 12.00
# Visual Studio Version 16
VisualStudioVersion = 16.0.29215.179
MinimumVisualStudioVersion = 10.0.40219.1
Project("{FAE04EC0-301F-11D3-BF4B-00C04F79EFBC}") = "WeatherApp-GouthamiXamarinForms.Android", "TodoXamarinForms.Android\WeatherApp-GouthamiXamarinForms.Android.csproj", "{FAD56C34-DA91-41AB-9C4C-1CBD0881F90B}"
EndProject
Project("{FAE04EC0-301F-11D3-BF4B-00C04F79EFBC}") = "WeatherApp-GouthamiXamarinForms.iOS", "TodoXamarinForms.iOS\WeatherApp-GouthamiXamarinForms.iOS.csproj", "{9AF0C97C-E64C-49B9-91A1-6B062DD7F7A6}"
EndProject
Project("{FAE04EC0-301F-11D3-BF4B-00C04F79EFBC}") = "WeatherApp-GouthamiXamarinForms", "TodoXamarinForms\WeatherApp-GouthamiXamarinForms.csproj", "{A1A94A28-5446-46D4-9079-36D36110B7AA}"
EndProject
Global
	GlobalSection(SolutionConfigurationPlatforms) = preSolution
		Debug|Any CPU = Debug|Any CPU
		Debug|iPhone = Debug|iPhone
		Debug|iPhoneSimulator = Debug|iPhoneSimulator
		Release|Any CPU = Release|Any CPU
		Release|iPhone = Release|iPhone
		Release|iPhoneSimulator = Release|iPhoneSimulator
	EndGlobalSection
	GlobalSection(ProjectConfigurationPlatforms) = postSolution
		{FAD56C34-DA91-41AB-9C4C-1CBD0881F90B}.Debug|Any CPU.ActiveCfg = Debug|Any CPU
		{FAD56C34-DA91-41AB-9C4C-1CBD0881F90B}.Debug|Any CPU.Build.0 = Debug|Any CPU
		{FAD56C34-DA91-41AB-9C4C-1CBD0881F90B}.Debug|Any CPU.Deploy.0 = Debug|Any CPU
		{FAD56C34-DA91-41AB-9C4C-1CBD0881F90B}.Debug|iPhone.ActiveCfg = Debug|Any CPU
		{FAD56C34-DA91-41AB-9C4C-1CBD0881F90B}.Debug|iPhone.Build.0 = Debug|Any CPU
		{FAD56C34-DA91-41AB-9C4C-1CBD0881F90B}.Debug|iPhone.Deploy.0 = Debug|Any CPU
		{FAD56C34-DA91-41AB-9C4C-1CBD0881F90B}.Debug|iPhoneSimulator.ActiveCfg = Debug|Any CPU
		{FAD56C34-DA91-41AB-9C4C-1CBD0881F90B}.Debug|iPhoneSimulator.Build.0 = Debug|Any CPU
		{FAD56C34-DA91-41AB-9C4C-1CBD0881F90B}.Debug|iPhoneSimulator.Deploy.0 = Debug|Any CPU
		{FAD56C34-DA91-41AB-9C4C-1CBD0881F90B}.Release|Any CPU.ActiveCfg = Release|Any CPU
		{FAD56C34-DA91-41AB-9C4C-1CBD0881F90B}.Release|Any CPU.Build.0 = Release|Any CPU
		{FAD56C34-DA91-41AB-9C4C-1CBD0881F90B}.Release|Any CPU.Deploy.0 = Release|Any CPU
		{FAD56C34-DA91-41AB-9C4C-1CBD0881F90B}.Release|iPhone.ActiveCfg = Release|Any CPU
		{FAD56C34-DA91-41AB-9C4C-1CBD0881F90B}.Release|iPhone.Build.0 = Release|Any CPU
		{FAD56C34-DA91-41AB-9C4C-1CBD0881F90B}.Release|iPhone.Deploy.0 = Release|Any CPU
		{FAD56C34-DA91-41AB-9C4C-1CBD0881F90B}.Release|iPhoneSimulator.ActiveCfg = Release|Any CPU
		{FAD56C34-DA91-41AB-9C4C-1CBD0881F90B}.Release|iPhoneSimulator.Build.0 = Release|Any CPU
		{FAD56C34-DA91-41AB-9C4C-1CBD0881F90B}.Release|iPhoneSimulator.Deploy.0 = Release|Any CPU
		{9AF0C97C-E64C-49B9-91A1-6B062DD7F7A6}.Debug|Any CPU.ActiveCfg = Debug|iPhoneSimulator
		{9AF0C97C-E64C-49B9-91A1-6B062DD7F7A6}.Debug|Any CPU.Build.0 = Debug|iPhoneSimulator
		{9AF0C97C-E64C-49B9-91A1-6B062DD7F7A6}.Debug|Any CPU.Deploy.0 = Debug|iPhoneSimulator
		{9AF0C97C-E64C-49B9-91A1-6B062DD7F7A6}.Debug|iPhone.ActiveCfg = Debug|iPhone
		{9AF0C97C-E64C-49B9-91A1-6B062DD7F7A6}.Debug|iPhone.Build.0 = Debug|iPhone
		{9AF0C97C-E64C-49B9-91A1-6B062DD7F7A6}.Debug|iPhone.Deploy.0 = Debug|iPhone
		{9AF0C97C-E64C-49B9-91A1-6B062DD7F7A6}.Debug|iPhoneSimulator.ActiveCfg = Debug|iPhoneSimulator
		{9AF0C97C-E64C-49B9-91A1-6B062DD7F7A6}.Debug|iPhoneSimulator.Build.0 = Debug|iPhoneSimulator
		{9AF0C97C-E64C-49B9-91A1-6B062DD7F7A6}.Debug|iPhoneSimulator.Deploy.0 = Debug|iPhoneSimulator
		{9AF0C97C-E64C-49B9-91A1-6B062DD7F7A6}.Release|Any CPU.ActiveCfg = Release|iPhone
		{9AF0C97C-E64C-49B9-91A1-6B062DD7F7A6}.Release|Any CPU.Build.0 = Release|iPhone
		{9AF0C97C-E64C-49B9-91A1-6B062DD7F7A6}.Release|Any CPU.Deploy.0 = Release|iPhone
		{9AF0C97C-E64C-49B9-91A1-6B062DD7F7A6}.Release|iPhone.ActiveCfg = Release|iPhone
		{9AF0C97C-E64C-49B9-91A1-6B062DD7F7A6}.Release|iPhone.Build.0 = Release|iPhone
		{9AF0C97C-E64C-49B9-91A1-6B062DD7F7A6}.Release|iPhone.Deploy.0 = Release|iPhone
		{9AF0C97C-E64C-49B9-91A1-6B062DD7F7A6}.Release|iPhoneSimulator.ActiveCfg = Release|iPhoneSimulator
		{9AF0C97C-E64C-49B9-91A1-6B062DD7F7A6}.Release|iPhoneSimulator.Build.0 = Release|iPhoneSimulator
		{9AF0C97C-E64C-49B9-91A1-6B062DD7F7A6}.Release|iPhoneSimulator.Deploy.0 = Release|iPhoneSimulator
		{A1A94A28-5446-46D4-9079-36D36110B7AA}.Debug|Any CPU.ActiveCfg = Debug|Any CPU
		{A1A94A28-5446-46D4-9079-36D36110B7AA}.Debug|Any CPU.Build.0 = Debug|Any CPU
		{A1A94A28-5446-46D4-9079-36D36110B7AA}.Debug|Any CPU.Deploy.0 = Debug|Any CPU
		{A1A94A28-5446-46D4-9079-36D36110B7AA}.Debug|iPhone.ActiveCfg = Debug|Any CPU
		{A1A94A28-5446-46D4-9079-36D36110B7AA}.Debug|iPhone.Build.0 = Debug|Any CPU
		{A1A94A28-5446-46D4-9079-36D36110B7AA}.Debug|iPhone.Deploy.0 = Debug|Any CPU
		{A1A94A28-5446-46D4-9079-36D36110B7AA}.Debug|iPhoneSimulator.ActiveCfg = Debug|Any CPU
		{A1A94A28-5446-46D4-9079-36D36110B7AA}.Debug|iPhoneSimulator.Build.0 = Debug|Any CPU
		{A1A94A28-5446-46D4-9079-36D36110B7AA}.Debug|iPhoneSimulator.Deploy.0 = Debug|Any CPU
		{A1A94A28-5446-46D4-9079-36D36110B7AA}.Release|Any CPU.ActiveCfg = Release|Any CPU
		{A1A94A28-5446-46D4-9079-36D36110B7AA}.Release|Any CPU.Build.0 = Release|Any CPU
		{A1A94A28-5446-46D4-9079-36D36110B7AA}.Release|Any CPU.Deploy.0 = Release|Any CPU
		{A1A94A28-5446-46D4-9079-36D36110B7AA}.Release|iPhone.ActiveCfg = Release|Any CPU
		{A1A94A28-5446-46D4-9079-36D36110B7AA}.Release|iPhone.Build.0 = Release|Any CPU
		{A1A94A28-5446-46D4-9079-36D36110B7AA}.Release|iPhone.Deploy.0 = Release|Any CPU
		{A1A94A28-5446-46D4-9079-36D36110B7AA}.Release|iPhoneSimulator.ActiveCfg = Release|Any CPU
		{A1A94A28-5446-46D4-9079-36D36110B7AA}.Release|iPhoneSimulator.Build.0 = Release|Any CPU
		{A1A94A28-5446-46D4-9079-36D36110B7AA}.Release|iPhoneSimulator.Deploy.0 = Release|Any CPU
	EndGlobalSection
	GlobalSection(SolutionProperties) = preSolution
		HideSolutionNode = FALSE
	EndGlobalSection
	GlobalSection(ExtensibilityGlobals) = postSolution
		SolutionGuid = {80A14D78-5494-4AD6-98A2-379193BD528D}
	EndGlobalSection
EndGlobal
